
Microsoft Visual Studio Solution File, Format Version 12.00
# Visual Studio 2013
VisualStudioVersion = 12.0.40629.0
MinimumVisualStudioVersion = 10.0.40219.1
Project("{2150E333-8FDC-42A3-9474-1A3956D46DE8}") = "Framework.WebApp.Modules", "Framework.WebApp.Modules", "{066CF212-8720-4468-BBCD-0A883A241EA4}"
EndProject
Project("{FAE04EC0-301F-11D3-BF4B-00C04F79EFBC}") = "eniFramework.WebApp", "eniFramework.WebApp\eniFramework.WebApp.csproj", "{09856B5E-9AAB-4986-81A6-0BD43B9CD11E}"
EndProject
Project("{FAE04EC0-301F-11D3-BF4B-00C04F79EFBC}") = "eniFramework.WebApp.Modules.B1", "eniFramework.WebApp\eniFramework.WebApp.Modules.B1.csproj", "{508F78B2-591B-447C-AE7B-15BDF8AD64B4}"
EndProject
Project("{FAE04EC0-301F-11D3-BF4B-00C04F79EFBC}") = "eniFramework.WebApp.Modules.B2", "eniFramework.WebApp\eniFramework.WebApp.Modules.B2.csproj", "{100078FF-F600-4D82-A0F3-E16FCA2A1E7A}"
EndProject
Project("{FAE04EC0-301F-11D3-BF4B-00C04F79EFBC}") = "eniFramework.WebApp.Modules.B3", "eniFramework.WebApp\eniFramework.WebApp.Modules.B3.csproj", "{2BDF10A2-3CFC-44F5-A7C1-D768CEB4F9FC}"
EndProject
Project("{FAE04EC0-301F-11D3-BF4B-00C04F79EFBC}") = "eniFramework.WebApp.Modules.B4", "eniFramework.WebApp\eniFramework.WebApp.Modules.B4.csproj", "{B77AD9D6-14A5-4D54-92E1-C422853B998B}"
EndProject
Project("{FAE04EC0-301F-11D3-BF4B-00C04F79EFBC}") = "eniFramework.WebApp.Modules", "eniFramework.WebApp\eniFramework.WebApp.Modules.csproj", "{83D3B885-1FFC-4B33-9318-F101F6B10AB9}"
EndProject
Project("{FAE04EC0-301F-11D3-BF4B-00C04F79EFBC}") = "eniFramework.WebApp.Modules.test", "eniFramework.WebApp\eniFramework.WebApp.Modules.test.csproj", "{06DC0C68-15C5-4F25-923F-42E21CEA7C2F}"
EndProject
Project("{FAE04EC0-301F-11D3-BF4B-00C04F79EFBC}") = "eniFramework.WebApp.Modules.B0", "eniFramework.WebApp\eniFramework.WebApp.Modules.B0.csproj", "{2D1C4F26-C8BB-499B-8AB5-190083F61DAB}"
EndProject
Project("{2150E333-8FDC-42A3-9474-1A3956D46DE8}") = "Framework.WebApp.Resource", "Framework.WebApp.Resource", "{47AC0A26-5CED-4AA7-918D-186531AED0FA}"
EndProject
Project("{FAE04EC0-301F-11D3-BF4B-00C04F79EFBC}") = "eniFramework.WebApp.Resource", "eniFramework.WebApp\eniFramework.WebApp.Resource.csproj", "{424F3250-F3C8-482E-BBB6-669010469BE4}"
EndProject
Project("{FAE04EC0-301F-11D3-BF4B-00C04F79EFBC}") = "eniFramework.WebApp.Modules.Mail", "eniFramework.WebApp\eniFramework.WebApp.Modules.Mail.csproj", "{410A71C8-674F-4BCE-A098-6032B839C04D}"
EndProject
Project("{2150E333-8FDC-42A3-9474-1A3956D46DE8}") = "Common", "Common", "{A9352D8B-640B-438F-9B25-AE75666F1F0D}"
EndProject
Project("{FAE04EC0-301F-11D3-BF4B-00C04F79EFBC}") = "eniFramework.WebApp.Modules.Board", "eniFramework.WebApp\eniFramework.WebApp.Modules.Board.csproj", "{E93D621D-716D-4C5C-ABDF-097C77A23C34}"
EndProject
Project("{FAE04EC0-301F-11D3-BF4B-00C04F79EFBC}") = "eniFramework.WebApp.Modules.Contact", "eniFramework.WebApp\eniFramework.WebApp.Modules.Contact.csproj", "{11809A61-062E-4AA2-B2FD-063DE65807F6}"
EndProject
Project("{FAE04EC0-301F-11D3-BF4B-00C04F79EFBC}") = "eniFramework.WebApp.Modules.WebHard", "eniFramework.WebApp\eniFramework.WebApp.Modules.WebHard.csproj", "{6A587706-32AD-4894-9147-7CD255B87764}"
EndProject
Project("{2150E333-8FDC-42A3-9474-1A3956D46DE8}") = "B", "B", "{D71667B1-1EF6-4EAE-A75A-C8BAF81E8CC7}"
EndProject
Project("{2150E333-8FDC-42A3-9474-1A3956D46DE8}") = "N", "N", "{BCA9FF6D-A6E9-4114-8F68-AFA63E88EB4A}"
EndProject
Project("{FAE04EC0-301F-11D3-BF4B-00C04F79EFBC}") = "eniFramework.WebApp.Modules.N0", "eniFramework.WebApp\eniFramework.WebApp.Modules.N0.csproj", "{A0C0DDFE-EAC4-4421-9BF9-E3F1A5CD9C99}"
EndProject
Project("{2150E333-8FDC-42A3-9474-1A3956D46DE8}") = "P", "P", "{E1C8D57F-3CB0-4E95-AB55-93F304A654EB}"
EndProject
Project("{FAE04EC0-301F-11D3-BF4B-00C04F79EFBC}") = "eniFramework.WebApp.Modules.P0", "eniFramework.WebApp\eniFramework.WebApp.Modules.P0.csproj", "{4B1E188B-655F-4EF3-AA85-07874B39FDB9}"
EndProject
Project("{FAE04EC0-301F-11D3-BF4B-00C04F79EFBC}") = "eniFramework.WebApp.Modules.P1", "eniFramework.WebApp\eniFramework.WebApp.Modules.P1.csproj", "{4C6C905B-94CC-4645-B2BD-1899261BA609}"
EndProject
Project("{FAE04EC0-301F-11D3-BF4B-00C04F79EFBC}") = "eniFramework.WebApp.Modules.P2", "eniFramework.WebApp\eniFramework.WebApp.Modules.P2.csproj", "{4009F8FA-BD85-4D48-964D-01233EB43113}"
EndProject
Project("{FAE04EC0-301F-11D3-BF4B-00C04F79EFBC}") = "eniFramework.WebApp.Modules.P3", "eniFramework.WebApp\eniFramework.WebApp.Modules.P3.csproj", "{BBD02CAF-1E15-40C5-A5FC-F80752868F9F}"
EndProject
Project("{FAE04EC0-301F-11D3-BF4B-00C04F79EFBC}") = "eniFramework.WebApp.Modules.P4", "eniFramework.WebApp\eniFramework.WebApp.Modules.P4.csproj", "{4E26A658-C709-4975-93CC-6D3E6CC3CB3D}"
EndProject
Project("{FAE04EC0-301F-11D3-BF4B-00C04F79EFBC}") = "eniFramework.WebApp.Modules.P5", "eniFramework.WebApp\eniFramework.WebApp.Modules.P5.csproj", "{1D485E21-7CF3-4A87-8A8C-233BFA311664}"
EndProject
Project("{FAE04EC0-301F-11D3-BF4B-00C04F79EFBC}") = "eniFramework.WebApp.Modules.Note", "eniFramework.WebApp\eniFramework.WebApp.Modules.Note.csproj", "{A984876F-E4EF-47EB-8B5C-04BE7A891E54}"
EndProject
Global
	GlobalSection(SolutionConfigurationPlatforms) = preSolution
		Debug|Any CPU = Debug|Any CPU
		Debug|Mixed Platforms = Debug|Mixed Platforms
		Debug|x64 = Debug|x64
		Debug|x86 = Debug|x86
		Release|Any CPU = Release|Any CPU
		Release|Mixed Platforms = Release|Mixed Platforms
		Release|x64 = Release|x64
		Release|x86 = Release|x86
	EndGlobalSection
	GlobalSection(ProjectConfigurationPlatforms) = postSolution
		{09856B5E-9AAB-4986-81A6-0BD43B9CD11E}.Debug|Any CPU.ActiveCfg = Debug|Any CPU
		{09856B5E-9AAB-4986-81A6-0BD43B9CD11E}.Debug|Any CPU.Build.0 = Debug|Any CPU
		{09856B5E-9AAB-4986-81A6-0BD43B9CD11E}.Debug|Mixed Platforms.ActiveCfg = Debug|x86
		{09856B5E-9AAB-4986-81A6-0BD43B9CD11E}.Debug|Mixed Platforms.Build.0 = Debug|x86
		{09856B5E-9AAB-4986-81A6-0BD43B9CD11E}.Debug|x64.ActiveCfg = Debug|x64
		{09856B5E-9AAB-4986-81A6-0BD43B9CD11E}.Debug|x64.Build.0 = Debug|x64
		{09856B5E-9AAB-4986-81A6-0BD43B9CD11E}.Debug|x86.ActiveCfg = Debug|x86
		{09856B5E-9AAB-4986-81A6-0BD43B9CD11E}.Debug|x86.Build.0 = Debug|x86
		{09856B5E-9AAB-4986-81A6-0BD43B9CD11E}.Release|Any CPU.ActiveCfg = Release|Any CPU
		{09856B5E-9AAB-4986-81A6-0BD43B9CD11E}.Release|Any CPU.Build.0 = Release|Any CPU
		{09856B5E-9AAB-4986-81A6-0BD43B9CD11E}.Release|Mixed Platforms.ActiveCfg = Release|x86
		{09856B5E-9AAB-4986-81A6-0BD43B9CD11E}.Release|Mixed Platforms.Build.0 = Release|x86
		{09856B5E-9AAB-4986-81A6-0BD43B9CD11E}.Release|x64.ActiveCfg = Release|x64
		{09856B5E-9AAB-4986-81A6-0BD43B9CD11E}.Release|x64.Build.0 = Release|x64
		{09856B5E-9AAB-4986-81A6-0BD43B9CD11E}.Release|x86.ActiveCfg = Release|x86
		{09856B5E-9AAB-4986-81A6-0BD43B9CD11E}.Release|x86.Build.0 = Release|x86
		{508F78B2-591B-447C-AE7B-15BDF8AD64B4}.Debug|Any CPU.ActiveCfg = Debug|Any CPU
		{508F78B2-591B-447C-AE7B-15BDF8AD64B4}.Debug|Any CPU.Build.0 = Debug|Any CPU
		{508F78B2-591B-447C-AE7B-15BDF8AD64B4}.Debug|Mixed Platforms.ActiveCfg = Debug|x86
		{508F78B2-591B-447C-AE7B-15BDF8AD64B4}.Debug|Mixed Platforms.Build.0 = Debug|x86
		{508F78B2-591B-447C-AE7B-15BDF8AD64B4}.Debug|x64.ActiveCfg = Debug|x64
		{508F78B2-591B-447C-AE7B-15BDF8AD64B4}.Debug|x64.Build.0 = Debug|x64
		{508F78B2-591B-447C-AE7B-15BDF8AD64B4}.Debug|x86.ActiveCfg = Debug|x86
		{508F78B2-591B-447C-AE7B-15BDF8AD64B4}.Debug|x86.Build.0 = Debug|x86
		{508F78B2-591B-447C-AE7B-15BDF8AD64B4}.Release|Any CPU.ActiveCfg = Release|Any CPU
		{508F78B2-591B-447C-AE7B-15BDF8AD64B4}.Release|Any CPU.Build.0 = Release|Any CPU
		{508F78B2-591B-447C-AE7B-15BDF8AD64B4}.Release|Mixed Platforms.ActiveCfg = Release|x86
		{508F78B2-591B-447C-AE7B-15BDF8AD64B4}.Release|Mixed Platforms.Build.0 = Release|x86
		{508F78B2-591B-447C-AE7B-15BDF8AD64B4}.Release|x64.ActiveCfg = Release|x64
		{508F78B2-591B-447C-AE7B-15BDF8AD64B4}.Release|x64.Build.0 = Release|x64
		{508F78B2-591B-447C-AE7B-15BDF8AD64B4}.Release|x86.ActiveCfg = Release|x86
		{508F78B2-591B-447C-AE7B-15BDF8AD64B4}.Release|x86.Build.0 = Release|x86
		{100078FF-F600-4D82-A0F3-E16FCA2A1E7A}.Debug|Any CPU.ActiveCfg = Debug|Any CPU
		{100078FF-F600-4D82-A0F3-E16FCA2A1E7A}.Debug|Any CPU.Build.0 = Debug|Any CPU
		{100078FF-F600-4D82-A0F3-E16FCA2A1E7A}.Debug|Mixed Platforms.ActiveCfg = Debug|x86
		{100078FF-F600-4D82-A0F3-E16FCA2A1E7A}.Debug|Mixed Platforms.Build.0 = Debug|x86
		{100078FF-F600-4D82-A0F3-E16FCA2A1E7A}.Debug|x64.ActiveCfg = Debug|x64
		{100078FF-F600-4D82-A0F3-E16FCA2A1E7A}.Debug|x64.Build.0 = Debug|x64
		{100078FF-F600-4D82-A0F3-E16FCA2A1E7A}.Debug|x86.ActiveCfg = Debug|x86
		{100078FF-F600-4D82-A0F3-E16FCA2A1E7A}.Debug|x86.Build.0 = Debug|x86
		{100078FF-F600-4D82-A0F3-E16FCA2A1E7A}.Release|Any CPU.ActiveCfg = Release|Any CPU
		{100078FF-F600-4D82-A0F3-E16FCA2A1E7A}.Release|Any CPU.Build.0 = Release|Any CPU
		{100078FF-F600-4D82-A0F3-E16FCA2A1E7A}.Release|Mixed Platforms.ActiveCfg = Release|x86
		{100078FF-F600-4D82-A0F3-E16FCA2A1E7A}.Release|Mixed Platforms.Build.0 = Release|x86
		{100078FF-F600-4D82-A0F3-E16FCA2A1E7A}.Release|x64.ActiveCfg = Release|x64
		{100078FF-F600-4D82-A0F3-E16FCA2A1E7A}.Release|x64.Build.0 = Release|x64
		{100078FF-F600-4D82-A0F3-E16FCA2A1E7A}.Release|x86.ActiveCfg = Release|x86
		{100078FF-F600-4D82-A0F3-E16FCA2A1E7A}.Release|x86.Build.0 = Release|x86
		{2BDF10A2-3CFC-44F5-A7C1-D768CEB4F9FC}.Debug|Any CPU.ActiveCfg = Debug|Any CPU
		{2BDF10A2-3CFC-44F5-A7C1-D768CEB4F9FC}.Debug|Any CPU.Build.0 = Debug|Any CPU
		{2BDF10A2-3CFC-44F5-A7C1-D768CEB4F9FC}.Debug|Mixed Platforms.ActiveCfg = Debug|x86
		{2BDF10A2-3CFC-44F5-A7C1-D768CEB4F9FC}.Debug|Mixed Platforms.Build.0 = Debug|x86
		{2BDF10A2-3CFC-44F5-A7C1-D768CEB4F9FC}.Debug|x64.ActiveCfg = Debug|x64
		{2BDF10A2-3CFC-44F5-A7C1-D768CEB4F9FC}.Debug|x64.Build.0 = Debug|x64
		{2BDF10A2-3CFC-44F5-A7C1-D768CEB4F9FC}.Debug|x86.ActiveCfg = Debug|x86
		{2BDF10A2-3CFC-44F5-A7C1-D768CEB4F9FC}.Debug|x86.Build.0 = Debug|x86
		{2BDF10A2-3CFC-44F5-A7C1-D768CEB4F9FC}.Release|Any CPU.ActiveCfg = Release|Any CPU
		{2BDF10A2-3CFC-44F5-A7C1-D768CEB4F9FC}.Release|Any CPU.Build.0 = Release|Any CPU
		{2BDF10A2-3CFC-44F5-A7C1-D768CEB4F9FC}.Release|Mixed Platforms.ActiveCfg = Release|x86
		{2BDF10A2-3CFC-44F5-A7C1-D768CEB4F9FC}.Release|Mixed Platforms.Build.0 = Release|x86
		{2BDF10A2-3CFC-44F5-A7C1-D768CEB4F9FC}.Release|x64.ActiveCfg = Release|x64
		{2BDF10A2-3CFC-44F5-A7C1-D768CEB4F9FC}.Release|x64.Build.0 = Release|x64
		{2BDF10A2-3CFC-44F5-A7C1-D768CEB4F9FC}.Release|x86.ActiveCfg = Release|x86
		{2BDF10A2-3CFC-44F5-A7C1-D768CEB4F9FC}.Release|x86.Build.0 = Release|x86
		{B77AD9D6-14A5-4D54-92E1-C422853B998B}.Debug|Any CPU.ActiveCfg = Debug|Any CPU
		{B77AD9D6-14A5-4D54-92E1-C422853B998B}.Debug|Any CPU.Build.0 = Debug|Any CPU
		{B77AD9D6-14A5-4D54-92E1-C422853B998B}.Debug|Mixed Platforms.ActiveCfg = Debug|x86
		{B77AD9D6-14A5-4D54-92E1-C422853B998B}.Debug|Mixed Platforms.Build.0 = Debug|x86
		{B77AD9D6-14A5-4D54-92E1-C422853B998B}.Debug|x64.ActiveCfg = Debug|x64
		{B77AD9D6-14A5-4D54-92E1-C422853B998B}.Debug|x64.Build.0 = Debug|x64
		{B77AD9D6-14A5-4D54-92E1-C422853B998B}.Debug|x86.ActiveCfg = Debug|x86
		{B77AD9D6-14A5-4D54-92E1-C422853B998B}.Debug|x86.Build.0 = Debug|x86
		{B77AD9D6-14A5-4D54-92E1-C422853B998B}.Release|Any CPU.ActiveCfg = Release|Any CPU
		{B77AD9D6-14A5-4D54-92E1-C422853B998B}.Release|Any CPU.Build.0 = Release|Any CPU
		{B77AD9D6-14A5-4D54-92E1-C422853B998B}.Release|Mixed Platforms.ActiveCfg = Release|x86
		{B77AD9D6-14A5-4D54-92E1-C422853B998B}.Release|Mixed Platforms.Build.0 = Release|x86
		{B77AD9D6-14A5-4D54-92E1-C422853B998B}.Release|x64.ActiveCfg = Release|x64
		{B77AD9D6-14A5-4D54-92E1-C422853B998B}.Release|x64.Build.0 = Release|x64
		{B77AD9D6-14A5-4D54-92E1-C422853B998B}.Release|x86.ActiveCfg = Release|x86
		{B77AD9D6-14A5-4D54-92E1-C422853B998B}.Release|x86.Build.0 = Release|x86
		{83D3B885-1FFC-4B33-9318-F101F6B10AB9}.Debug|Any CPU.ActiveCfg = Debug|Any CPU
		{83D3B885-1FFC-4B33-9318-F101F6B10AB9}.Debug|Any CPU.Build.0 = Debug|Any CPU
		{83D3B885-1FFC-4B33-9318-F101F6B10AB9}.Debug|Mixed Platforms.ActiveCfg = Debug|x86
		{83D3B885-1FFC-4B33-9318-F101F6B10AB9}.Debug|Mixed Platforms.Build.0 = Debug|x86
		{83D3B885-1FFC-4B33-9318-F101F6B10AB9}.Debug|x64.ActiveCfg = Debug|x64
		{83D3B885-1FFC-4B33-9318-F101F6B10AB9}.Debug|x64.Build.0 = Debug|x64
		{83D3B885-1FFC-4B33-9318-F101F6B10AB9}.Debug|x86.ActiveCfg = Debug|x86
		{83D3B885-1FFC-4B33-9318-F101F6B10AB9}.Debug|x86.Build.0 = Debug|x86
		{83D3B885-1FFC-4B33-9318-F101F6B10AB9}.Debug|x86.Deploy.0 = Debug|x86
		{83D3B885-1FFC-4B33-9318-F101F6B10AB9}.Release|Any CPU.ActiveCfg = Release|Any CPU
		{83D3B885-1FFC-4B33-9318-F101F6B10AB9}.Release|Any CPU.Build.0 = Release|Any CPU
		{83D3B885-1FFC-4B33-9318-F101F6B10AB9}.Release|Mixed Platforms.ActiveCfg = Release|x86
		{83D3B885-1FFC-4B33-9318-F101F6B10AB9}.Release|Mixed Platforms.Build.0 = Release|x86
		{83D3B885-1FFC-4B33-9318-F101F6B10AB9}.Release|x64.ActiveCfg = Release|x64
		{83D3B885-1FFC-4B33-9318-F101F6B10AB9}.Release|x64.Build.0 = Release|x64
		{83D3B885-1FFC-4B33-9318-F101F6B10AB9}.Release|x86.ActiveCfg = Release|x86
		{83D3B885-1FFC-4B33-9318-F101F6B10AB9}.Release|x86.Build.0 = Release|x86
		{06DC0C68-15C5-4F25-923F-42E21CEA7C2F}.Debug|Any CPU.ActiveCfg = Debug|Any CPU
		{06DC0C68-15C5-4F25-923F-42E21CEA7C2F}.Debug|Any CPU.Build.0 = Debug|Any CPU
		{06DC0C68-15C5-4F25-923F-42E21CEA7C2F}.Debug|Mixed Platforms.ActiveCfg = Debug|x86
		{06DC0C68-15C5-4F25-923F-42E21CEA7C2F}.Debug|Mixed Platforms.Build.0 = Debug|x86
		{06DC0C68-15C5-4F25-923F-42E21CEA7C2F}.Debug|x64.ActiveCfg = Debug|x64
		{06DC0C68-15C5-4F25-923F-42E21CEA7C2F}.Debug|x64.Build.0 = Debug|x64
		{06DC0C68-15C5-4F25-923F-42E21CEA7C2F}.Debug|x86.ActiveCfg = Debug|x86
		{06DC0C68-15C5-4F25-923F-42E21CEA7C2F}.Debug|x86.Build.0 = Debug|x86
		{06DC0C68-15C5-4F25-923F-42E21CEA7C2F}.Release|Any CPU.ActiveCfg = Release|Any CPU
		{06DC0C68-15C5-4F25-923F-42E21CEA7C2F}.Release|Any CPU.Build.0 = Release|Any CPU
		{06DC0C68-15C5-4F25-923F-42E21CEA7C2F}.Release|Mixed Platforms.ActiveCfg = Release|x86
		{06DC0C68-15C5-4F25-923F-42E21CEA7C2F}.Release|Mixed Platforms.Build.0 = Release|x86
		{06DC0C68-15C5-4F25-923F-42E21CEA7C2F}.Release|x64.ActiveCfg = Release|x64
		{06DC0C68-15C5-4F25-923F-42E21CEA7C2F}.Release|x64.Build.0 = Release|x64
		{06DC0C68-15C5-4F25-923F-42E21CEA7C2F}.Release|x86.ActiveCfg = Release|x86
		{06DC0C68-15C5-4F25-923F-42E21CEA7C2F}.Release|x86.Build.0 = Release|x86
		{2D1C4F26-C8BB-499B-8AB5-190083F61DAB}.Debug|Any CPU.ActiveCfg = Debug|Any CPU
		{2D1C4F26-C8BB-499B-8AB5-190083F61DAB}.Debug|Any CPU.Build.0 = Debug|Any CPU
		{2D1C4F26-C8BB-499B-8AB5-190083F61DAB}.Debug|Mixed Platforms.ActiveCfg = Debug|x86
		{2D1C4F26-C8BB-499B-8AB5-190083F61DAB}.Debug|Mixed Platforms.Build.0 = Debug|x86
		{2D1C4F26-C8BB-499B-8AB5-190083F61DAB}.Debug|x64.ActiveCfg = Debug|x64
		{2D1C4F26-C8BB-499B-8AB5-190083F61DAB}.Debug|x64.Build.0 = Debug|x64
		{2D1C4F26-C8BB-499B-8AB5-190083F61DAB}.Debug|x86.ActiveCfg = Debug|x86
		{2D1C4F26-C8BB-499B-8AB5-190083F61DAB}.Debug|x86.Build.0 = Debug|x86
		{2D1C4F26-C8BB-499B-8AB5-190083F61DAB}.Release|Any CPU.ActiveCfg = Release|Any CPU
		{2D1C4F26-C8BB-499B-8AB5-190083F61DAB}.Release|Any CPU.Build.0 = Release|Any CPU
		{2D1C4F26-C8BB-499B-8AB5-190083F61DAB}.Release|Mixed Platforms.ActiveCfg = Release|x86
		{2D1C4F26-C8BB-499B-8AB5-190083F61DAB}.Release|Mixed Platforms.Build.0 = Release|x86
		{2D1C4F26-C8BB-499B-8AB5-190083F61DAB}.Release|x64.ActiveCfg = Release|x64
		{2D1C4F26-C8BB-499B-8AB5-190083F61DAB}.Release|x64.Build.0 = Release|x64
		{2D1C4F26-C8BB-499B-8AB5-190083F61DAB}.Release|x86.ActiveCfg = Release|x86
		{2D1C4F26-C8BB-499B-8AB5-190083F61DAB}.Release|x86.Build.0 = Release|x86
		{424F3250-F3C8-482E-BBB6-669010469BE4}.Debug|Any CPU.ActiveCfg = Debug|Any CPU
		{424F3250-F3C8-482E-BBB6-669010469BE4}.Debug|Mixed Platforms.ActiveCfg = Debug|x86
		{424F3250-F3C8-482E-BBB6-669010469BE4}.Debug|x64.ActiveCfg = Debug|x64
		{424F3250-F3C8-482E-BBB6-669010469BE4}.Debug|x86.ActiveCfg = Debug|x86
		{424F3250-F3C8-482E-BBB6-669010469BE4}.Release|Any CPU.ActiveCfg = Release|Any CPU
		{424F3250-F3C8-482E-BBB6-669010469BE4}.Release|Mixed Platforms.ActiveCfg = Release|x86
		{424F3250-F3C8-482E-BBB6-669010469BE4}.Release|x64.ActiveCfg = Release|x64
		{424F3250-F3C8-482E-BBB6-669010469BE4}.Release|x86.ActiveCfg = Release|x86
		{410A71C8-674F-4BCE-A098-6032B839C04D}.Debug|Any CPU.ActiveCfg = Debug|Any CPU
		{410A71C8-674F-4BCE-A098-6032B839C04D}.Debug|Any CPU.Build.0 = Debug|Any CPU
		{410A71C8-674F-4BCE-A098-6032B839C04D}.Debug|Mixed Platforms.ActiveCfg = Debug|x86
		{410A71C8-674F-4BCE-A098-6032B839C04D}.Debug|Mixed Platforms.Build.0 = Debug|x86
		{410A71C8-674F-4BCE-A098-6032B839C04D}.Debug|x64.ActiveCfg = Debug|x64
		{410A71C8-674F-4BCE-A098-6032B839C04D}.Debug|x64.Build.0 = Debug|x64
		{410A71C8-674F-4BCE-A098-6032B839C04D}.Debug|x86.ActiveCfg = Debug|x86
		{410A71C8-674F-4BCE-A098-6032B839C04D}.Debug|x86.Build.0 = Debug|x86
		{410A71C8-674F-4BCE-A098-6032B839C04D}.Release|Any CPU.ActiveCfg = Release|Any CPU
		{410A71C8-674F-4BCE-A098-6032B839C04D}.Release|Any CPU.Build.0 = Release|Any CPU
		{410A71C8-674F-4BCE-A098-6032B839C04D}.Release|Mixed Platforms.ActiveCfg = Release|x86
		{410A71C8-674F-4BCE-A098-6032B839C04D}.Release|Mixed Platforms.Build.0 = Release|x86
		{410A71C8-674F-4BCE-A098-6032B839C04D}.Release|x64.ActiveCfg = Release|x64
		{410A71C8-674F-4BCE-A098-6032B839C04D}.Release|x64.Build.0 = Release|x64
		{410A71C8-674F-4BCE-A098-6032B839C04D}.Release|x86.ActiveCfg = Release|x86
		{410A71C8-674F-4BCE-A098-6032B839C04D}.Release|x86.Build.0 = Release|x86
		{E93D621D-716D-4C5C-ABDF-097C77A23C34}.Debug|Any CPU.ActiveCfg = Debug|Any CPU
		{E93D621D-716D-4C5C-ABDF-097C77A23C34}.Debug|Any CPU.Build.0 = Debug|Any CPU
		{E93D621D-716D-4C5C-ABDF-097C77A23C34}.Debug|Mixed Platforms.ActiveCfg = Debug|x86
		{E93D621D-716D-4C5C-ABDF-097C77A23C34}.Debug|Mixed Platforms.Build.0 = Debug|x86
		{E93D621D-716D-4C5C-ABDF-097C77A23C34}.Debug|x64.ActiveCfg = Debug|x64
		{E93D621D-716D-4C5C-ABDF-097C77A23C34}.Debug|x64.Build.0 = Debug|x64
		{E93D621D-716D-4C5C-ABDF-097C77A23C34}.Debug|x86.ActiveCfg = Debug|x86
		{E93D621D-716D-4C5C-ABDF-097C77A23C34}.Debug|x86.Build.0 = Debug|x86
		{E93D621D-716D-4C5C-ABDF-097C77A23C34}.Release|Any CPU.ActiveCfg = Release|Any CPU
		{E93D621D-716D-4C5C-ABDF-097C77A23C34}.Release|Any CPU.Build.0 = Release|Any CPU
		{E93D621D-716D-4C5C-ABDF-097C77A23C34}.Release|Mixed Platforms.ActiveCfg = Release|x86
		{E93D621D-716D-4C5C-ABDF-097C77A23C34}.Release|Mixed Platforms.Build.0 = Release|x86
		{E93D621D-716D-4C5C-ABDF-097C77A23C34}.Release|x64.ActiveCfg = Release|x64
		{E93D621D-716D-4C5C-ABDF-097C77A23C34}.Release|x64.Build.0 = Release|x64
		{E93D621D-716D-4C5C-ABDF-097C77A23C34}.Release|x86.ActiveCfg = Release|x86
		{E93D621D-716D-4C5C-ABDF-097C77A23C34}.Release|x86.Build.0 = Release|x86
		{11809A61-062E-4AA2-B2FD-063DE65807F6}.Debug|Any CPU.ActiveCfg = Debug|Any CPU
		{11809A61-062E-4AA2-B2FD-063DE65807F6}.Debug|Any CPU.Build.0 = Debug|Any CPU
		{11809A61-062E-4AA2-B2FD-063DE65807F6}.Debug|Mixed Platforms.ActiveCfg = Debug|x86
		{11809A61-062E-4AA2-B2FD-063DE65807F6}.Debug|Mixed Platforms.Build.0 = Debug|x86
		{11809A61-062E-4AA2-B2FD-063DE65807F6}.Debug|x64.ActiveCfg = Debug|x64
		{11809A61-062E-4AA2-B2FD-063DE65807F6}.Debug|x64.Build.0 = Debug|x64
		{11809A61-062E-4AA2-B2FD-063DE65807F6}.Debug|x86.ActiveCfg = Debug|x86
		{11809A61-062E-4AA2-B2FD-063DE65807F6}.Debug|x86.Build.0 = Debug|x86
		{11809A61-062E-4AA2-B2FD-063DE65807F6}.Release|Any CPU.ActiveCfg = Release|Any CPU
		{11809A61-062E-4AA2-B2FD-063DE65807F6}.Release|Any CPU.Build.0 = Release|Any CPU
		{11809A61-062E-4AA2-B2FD-063DE65807F6}.Release|Mixed Platforms.ActiveCfg = Release|x86
		{11809A61-062E-4AA2-B2FD-063DE65807F6}.Release|Mixed Platforms.Build.0 = Release|x86
		{11809A61-062E-4AA2-B2FD-063DE65807F6}.Release|x64.ActiveCfg = Release|x64
		{11809A61-062E-4AA2-B2FD-063DE65807F6}.Release|x64.Build.0 = Release|x64
		{11809A61-062E-4AA2-B2FD-063DE65807F6}.Release|x86.ActiveCfg = Release|x86
		{11809A61-062E-4AA2-B2FD-063DE65807F6}.Release|x86.Build.0 = Release|x86
		{6A587706-32AD-4894-9147-7CD255B87764}.Debug|Any CPU.ActiveCfg = Debug|Any CPU
		{6A587706-32AD-4894-9147-7CD255B87764}.Debug|Any CPU.Build.0 = Debug|Any CPU
		{6A587706-32AD-4894-9147-7CD255B87764}.Debug|Mixed Platforms.ActiveCfg = Debug|x86
		{6A587706-32AD-4894-9147-7CD255B87764}.Debug|Mixed Platforms.Build.0 = Debug|x86
		{6A587706-32AD-4894-9147-7CD255B87764}.Debug|x64.ActiveCfg = Debug|x64
		{6A587706-32AD-4894-9147-7CD255B87764}.Debug|x64.Build.0 = Debug|x64
		{6A587706-32AD-4894-9147-7CD255B87764}.Debug|x86.ActiveCfg = Debug|x86
		{6A587706-32AD-4894-9147-7CD255B87764}.Debug|x86.Build.0 = Debug|x86
		{6A587706-32AD-4894-9147-7CD255B87764}.Release|Any CPU.ActiveCfg = Release|Any CPU
		{6A587706-32AD-4894-9147-7CD255B87764}.Release|Any CPU.Build.0 = Release|Any CPU
		{6A587706-32AD-4894-9147-7CD255B87764}.Release|Mixed Platforms.ActiveCfg = Release|x86
		{6A587706-32AD-4894-9147-7CD255B87764}.Release|Mixed Platforms.Build.0 = Release|x86
		{6A587706-32AD-4894-9147-7CD255B87764}.Release|x64.ActiveCfg = Release|x64
		{6A587706-32AD-4894-9147-7CD255B87764}.Release|x64.Build.0 = Release|x64
		{6A587706-32AD-4894-9147-7CD255B87764}.Release|x86.ActiveCfg = Release|x86
		{6A587706-32AD-4894-9147-7CD255B87764}.Release|x86.Build.0 = Release|x86
		{A0C0DDFE-EAC4-4421-9BF9-E3F1A5CD9C99}.Debug|Any CPU.ActiveCfg = Debug|Any CPU
		{A0C0DDFE-EAC4-4421-9BF9-E3F1A5CD9C99}.Debug|Any CPU.Build.0 = Debug|Any CPU
		{A0C0DDFE-EAC4-4421-9BF9-E3F1A5CD9C99}.Debug|Mixed Platforms.ActiveCfg = Debug|x86
		{A0C0DDFE-EAC4-4421-9BF9-E3F1A5CD9C99}.Debug|Mixed Platforms.Build.0 = Debug|x86
		{A0C0DDFE-EAC4-4421-9BF9-E3F1A5CD9C99}.Debug|x64.ActiveCfg = Debug|x64
		{A0C0DDFE-EAC4-4421-9BF9-E3F1A5CD9C99}.Debug|x64.Build.0 = Debug|x64
		{A0C0DDFE-EAC4-4421-9BF9-E3F1A5CD9C99}.Debug|x86.ActiveCfg = Debug|x86
		{A0C0DDFE-EAC4-4421-9BF9-E3F1A5CD9C99}.Debug|x86.Build.0 = Debug|x86
		{A0C0DDFE-EAC4-4421-9BF9-E3F1A5CD9C99}.Release|Any CPU.ActiveCfg = Release|Any CPU
		{A0C0DDFE-EAC4-4421-9BF9-E3F1A5CD9C99}.Release|Any CPU.Build.0 = Release|Any CPU
		{A0C0DDFE-EAC4-4421-9BF9-E3F1A5CD9C99}.Release|Mixed Platforms.ActiveCfg = Release|x86
		{A0C0DDFE-EAC4-4421-9BF9-E3F1A5CD9C99}.Release|Mixed Platforms.Build.0 = Release|x86
		{A0C0DDFE-EAC4-4421-9BF9-E3F1A5CD9C99}.Release|x64.ActiveCfg = Release|x64
		{A0C0DDFE-EAC4-4421-9BF9-E3F1A5CD9C99}.Release|x64.Build.0 = Release|x64
		{A0C0DDFE-EAC4-4421-9BF9-E3F1A5CD9C99}.Release|x86.ActiveCfg = Release|x86
		{A0C0DDFE-EAC4-4421-9BF9-E3F1A5CD9C99}.Release|x86.Build.0 = Release|x86
		{4B1E188B-655F-4EF3-AA85-07874B39FDB9}.Debug|Any CPU.ActiveCfg = Debug|Any CPU
		{4B1E188B-655F-4EF3-AA85-07874B39FDB9}.Debug|Any CPU.Build.0 = Debug|Any CPU
		{4B1E188B-655F-4EF3-AA85-07874B39FDB9}.Debug|Mixed Platforms.ActiveCfg = Debug|x86
		{4B1E188B-655F-4EF3-AA85-07874B39FDB9}.Debug|Mixed Platforms.Build.0 = Debug|x86
		{4B1E188B-655F-4EF3-AA85-07874B39FDB9}.Debug|x64.ActiveCfg = Debug|x64
		{4B1E188B-655F-4EF3-AA85-07874B39FDB9}.Debug|x64.Build.0 = Debug|x64
		{4B1E188B-655F-4EF3-AA85-07874B39FDB9}.Debug|x86.ActiveCfg = Debug|x86
		{4B1E188B-655F-4EF3-AA85-07874B39FDB9}.Debug|x86.Build.0 = Debug|x86
		{4B1E188B-655F-4EF3-AA85-07874B39FDB9}.Release|Any CPU.ActiveCfg = Release|Any CPU
		{4B1E188B-655F-4EF3-AA85-07874B39FDB9}.Release|Any CPU.Build.0 = Release|Any CPU
		{4B1E188B-655F-4EF3-AA85-07874B39FDB9}.Release|Mixed Platforms.ActiveCfg = Release|x86
		{4B1E188B-655F-4EF3-AA85-07874B39FDB9}.Release|Mixed Platforms.Build.0 = Release|x86
		{4B1E188B-655F-4EF3-AA85-07874B39FDB9}.Release|x64.ActiveCfg = Release|x64
		{4B1E188B-655F-4EF3-AA85-07874B39FDB9}.Release|x64.Build.0 = Release|x64
		{4B1E188B-655F-4EF3-AA85-07874B39FDB9}.Release|x86.ActiveCfg = Release|x86
		{4B1E188B-655F-4EF3-AA85-07874B39FDB9}.Release|x86.Build.0 = Release|x86
		{4C6C905B-94CC-4645-B2BD-1899261BA609}.Debug|Any CPU.ActiveCfg = Debug|Any CPU
		{4C6C905B-94CC-4645-B2BD-1899261BA609}.Debug|Any CPU.Build.0 = Debug|Any CPU
		{4C6C905B-94CC-4645-B2BD-1899261BA609}.Debug|Mixed Platforms.ActiveCfg = Debug|x86
		{4C6C905B-94CC-4645-B2BD-1899261BA609}.Debug|Mixed Platforms.Build.0 = Debug|x86
		{4C6C905B-94CC-4645-B2BD-1899261BA609}.Debug|x64.ActiveCfg = Debug|x64
		{4C6C905B-94CC-4645-B2BD-1899261BA609}.Debug|x64.Build.0 = Debug|x64
		{4C6C905B-94CC-4645-B2BD-1899261BA609}.Debug|x86.ActiveCfg = Debug|x86
		{4C6C905B-94CC-4645-B2BD-1899261BA609}.Debug|x86.Build.0 = Debug|x86
		{4C6C905B-94CC-4645-B2BD-1899261BA609}.Release|Any CPU.ActiveCfg = Release|Any CPU
		{4C6C905B-94CC-4645-B2BD-1899261BA609}.Release|Any CPU.Build.0 = Release|Any CPU
		{4C6C905B-94CC-4645-B2BD-1899261BA609}.Release|Mixed Platforms.ActiveCfg = Release|x86
		{4C6C905B-94CC-4645-B2BD-1899261BA609}.Release|Mixed Platforms.Build.0 = Release|x86
		{4C6C905B-94CC-4645-B2BD-1899261BA609}.Release|x64.ActiveCfg = Release|x64
		{4C6C905B-94CC-4645-B2BD-1899261BA609}.Release|x64.Build.0 = Release|x64
		{4C6C905B-94CC-4645-B2BD-1899261BA609}.Release|x86.ActiveCfg = Release|x86
		{4C6C905B-94CC-4645-B2BD-1899261BA609}.Release|x86.Build.0 = Release|x86
		{4009F8FA-BD85-4D48-964D-01233EB43113}.Debug|Any CPU.ActiveCfg = Debug|Any CPU
		{4009F8FA-BD85-4D48-964D-01233EB43113}.Debug|Any CPU.Build.0 = Debug|Any CPU
		{4009F8FA-BD85-4D48-964D-01233EB43113}.Debug|Mixed Platforms.ActiveCfg = Debug|x86
		{4009F8FA-BD85-4D48-964D-01233EB43113}.Debug|Mixed Platforms.Build.0 = Debug|x86
		{4009F8FA-BD85-4D48-964D-01233EB43113}.Debug|x64.ActiveCfg = Debug|x64
		{4009F8FA-BD85-4D48-964D-01233EB43113}.Debug|x64.Build.0 = Debug|x64
		{4009F8FA-BD85-4D48-964D-01233EB43113}.Debug|x86.ActiveCfg = Debug|x86
		{4009F8FA-BD85-4D48-964D-01233EB43113}.Debug|x86.Build.0 = Debug|x86
		{4009F8FA-BD85-4D48-964D-01233EB43113}.Release|Any CPU.ActiveCfg = Release|Any CPU
		{4009F8FA-BD85-4D48-964D-01233EB43113}.Release|Any CPU.Build.0 = Release|Any CPU
		{4009F8FA-BD85-4D48-964D-01233EB43113}.Release|Mixed Platforms.ActiveCfg = Release|x86
		{4009F8FA-BD85-4D48-964D-01233EB43113}.Release|Mixed Platforms.Build.0 = Release|x86
		{4009F8FA-BD85-4D48-964D-01233EB43113}.Release|x64.ActiveCfg = Release|x64
		{4009F8FA-BD85-4D48-964D-01233EB43113}.Release|x64.Build.0 = Release|x64
		{4009F8FA-BD85-4D48-964D-01233EB43113}.Release|x86.ActiveCfg = Release|x86
		{4009F8FA-BD85-4D48-964D-01233EB43113}.Release|x86.Build.0 = Release|x86
		{BBD02CAF-1E15-40C5-A5FC-F80752868F9F}.Debug|Any CPU.ActiveCfg = Debug|Any CPU
		{BBD02CAF-1E15-40C5-A5FC-F80752868F9F}.Debug|Any CPU.Build.0 = Debug|Any CPU
		{BBD02CAF-1E15-40C5-A5FC-F80752868F9F}.Debug|Mixed Platforms.ActiveCfg = Debug|x86
		{BBD02CAF-1E15-40C5-A5FC-F80752868F9F}.Debug|Mixed Platforms.Build.0 = Debug|x86
		{BBD02CAF-1E15-40C5-A5FC-F80752868F9F}.Debug|x64.ActiveCfg = Debug|x64
		{BBD02CAF-1E15-40C5-A5FC-F80752868F9F}.Debug|x64.Build.0 = Debug|x64
		{BBD02CAF-1E15-40C5-A5FC-F80752868F9F}.Debug|x86.ActiveCfg = Debug|x86
		{BBD02CAF-1E15-40C5-A5FC-F80752868F9F}.Debug|x86.Build.0 = Debug|x86
		{BBD02CAF-1E15-40C5-A5FC-F80752868F9F}.Release|Any CPU.ActiveCfg = Release|Any CPU
		{BBD02CAF-1E15-40C5-A5FC-F80752868F9F}.Release|Any CPU.Build.0 = Release|Any CPU
		{BBD02CAF-1E15-40C5-A5FC-F80752868F9F}.Release|Mixed Platforms.ActiveCfg = Release|x86
		{BBD02CAF-1E15-40C5-A5FC-F80752868F9F}.Release|Mixed Platforms.Build.0 = Release|x86
		{BBD02CAF-1E15-40C5-A5FC-F80752868F9F}.Release|x64.ActiveCfg = Release|x64
		{BBD02CAF-1E15-40C5-A5FC-F80752868F9F}.Release|x64.Build.0 = Release|x64
		{BBD02CAF-1E15-40C5-A5FC-F80752868F9F}.Release|x86.ActiveCfg = Release|x86
		{BBD02CAF-1E15-40C5-A5FC-F80752868F9F}.Release|x86.Build.0 = Release|x86
		{4E26A658-C709-4975-93CC-6D3E6CC3CB3D}.Debug|Any CPU.ActiveCfg = Debug|Any CPU
		{4E26A658-C709-4975-93CC-6D3E6CC3CB3D}.Debug|Any CPU.Build.0 = Debug|Any CPU
		{4E26A658-C709-4975-93CC-6D3E6CC3CB3D}.Debug|Mixed Platforms.ActiveCfg = Debug|x86
		{4E26A658-C709-4975-93CC-6D3E6CC3CB3D}.Debug|Mixed Platforms.Build.0 = Debug|x86
		{4E26A658-C709-4975-93CC-6D3E6CC3CB3D}.Debug|x64.ActiveCfg = Debug|x64
		{4E26A658-C709-4975-93CC-6D3E6CC3CB3D}.Debug|x64.Build.0 = Debug|x64
		{4E26A658-C709-4975-93CC-6D3E6CC3CB3D}.Debug|x86.ActiveCfg = Debug|x86
		{4E26A658-C709-4975-93CC-6D3E6CC3CB3D}.Debug|x86.Build.0 = Debug|x86
		{4E26A658-C709-4975-93CC-6D3E6CC3CB3D}.Release|Any CPU.ActiveCfg = Release|Any CPU
		{4E26A658-C709-4975-93CC-6D3E6CC3CB3D}.Release|Any CPU.Build.0 = Release|Any CPU
		{4E26A658-C709-4975-93CC-6D3E6CC3CB3D}.Release|Mixed Platforms.ActiveCfg = Release|x86
		{4E26A658-C709-4975-93CC-6D3E6CC3CB3D}.Release|Mixed Platforms.Build.0 = Release|x86
		{4E26A658-C709-4975-93CC-6D3E6CC3CB3D}.Release|x64.ActiveCfg = Release|x64
		{4E26A658-C709-4975-93CC-6D3E6CC3CB3D}.Release|x64.Build.0 = Release|x64
		{4E26A658-C709-4975-93CC-6D3E6CC3CB3D}.Release|x86.ActiveCfg = Release|x86
		{4E26A658-C709-4975-93CC-6D3E6CC3CB3D}.Release|x86.Build.0 = Release|x86
		{1D485E21-7CF3-4A87-8A8C-233BFA311664}.Debug|Any CPU.ActiveCfg = Debug|Any CPU
		{1D485E21-7CF3-4A87-8A8C-233BFA311664}.Debug|Any CPU.Build.0 = Debug|Any CPU
		{1D485E21-7CF3-4A87-8A8C-233BFA311664}.Debug|Mixed Platforms.ActiveCfg = Debug|x86
		{1D485E21-7CF3-4A87-8A8C-233BFA311664}.Debug|Mixed Platforms.Build.0 = Debug|x86
		{1D485E21-7CF3-4A87-8A8C-233BFA311664}.Debug|x64.ActiveCfg = Debug|x64
		{1D485E21-7CF3-4A87-8A8C-233BFA311664}.Debug|x64.Build.0 = Debug|x64
		{1D485E21-7CF3-4A87-8A8C-233BFA311664}.Debug|x86.ActiveCfg = Debug|x86
		{1D485E21-7CF3-4A87-8A8C-233BFA311664}.Debug|x86.Build.0 = Debug|x86
		{1D485E21-7CF3-4A87-8A8C-233BFA311664}.Release|Any CPU.ActiveCfg = Release|Any CPU
		{1D485E21-7CF3-4A87-8A8C-233BFA311664}.Release|Any CPU.Build.0 = Release|Any CPU
		{1D485E21-7CF3-4A87-8A8C-233BFA311664}.Release|Mixed Platforms.ActiveCfg = Release|x86
		{1D485E21-7CF3-4A87-8A8C-233BFA311664}.Release|Mixed Platforms.Build.0 = Release|x86
		{1D485E21-7CF3-4A87-8A8C-233BFA311664}.Release|x64.ActiveCfg = Release|x64
		{1D485E21-7CF3-4A87-8A8C-233BFA311664}.Release|x64.Build.0 = Release|x64
		{1D485E21-7CF3-4A87-8A8C-233BFA311664}.Release|x86.ActiveCfg = Release|x86
		{1D485E21-7CF3-4A87-8A8C-233BFA311664}.Release|x86.Build.0 = Release|x86
		{A984876F-E4EF-47EB-8B5C-04BE7A891E54}.Debug|Any CPU.ActiveCfg = Debug|Any CPU
		{A984876F-E4EF-47EB-8B5C-04BE7A891E54}.Debug|Any CPU.Build.0 = Debug|Any CPU
		{A984876F-E4EF-47EB-8B5C-04BE7A891E54}.Debug|Mixed Platforms.ActiveCfg = Debug|x86
		{A984876F-E4EF-47EB-8B5C-04BE7A891E54}.Debug|Mixed Platforms.Build.0 = Debug|x86
		{A984876F-E4EF-47EB-8B5C-04BE7A891E54}.Debug|x64.ActiveCfg = Debug|x64
		{A984876F-E4EF-47EB-8B5C-04BE7A891E54}.Debug|x64.Build.0 = Debug|x64
		{A984876F-E4EF-47EB-8B5C-04BE7A891E54}.Debug|x86.ActiveCfg = Debug|x86
		{A984876F-E4EF-47EB-8B5C-04BE7A891E54}.Debug|x86.Build.0 = Debug|x86
		{A984876F-E4EF-47EB-8B5C-04BE7A891E54}.Release|Any CPU.ActiveCfg = Release|Any CPU
		{A984876F-E4EF-47EB-8B5C-04BE7A891E54}.Release|Any CPU.Build.0 = Release|Any CPU
		{A984876F-E4EF-47EB-8B5C-04BE7A891E54}.Release|Mixed Platforms.ActiveCfg = Release|x86
		{A984876F-E4EF-47EB-8B5C-04BE7A891E54}.Release|Mixed Platforms.Build.0 = Release|x86
		{A984876F-E4EF-47EB-8B5C-04BE7A891E54}.Release|x64.ActiveCfg = Release|x64
		{A984876F-E4EF-47EB-8B5C-04BE7A891E54}.Release|x64.Build.0 = Release|x64
		{A984876F-E4EF-47EB-8B5C-04BE7A891E54}.Release|x86.ActiveCfg = Release|x86
		{A984876F-E4EF-47EB-8B5C-04BE7A891E54}.Release|x86.Build.0 = Release|x86
	EndGlobalSection
	GlobalSection(SolutionProperties) = preSolution
		HideSolutionNode = FALSE
	EndGlobalSection
	GlobalSection(NestedProjects) = preSolution
		{508F78B2-591B-447C-AE7B-15BDF8AD64B4} = {D71667B1-1EF6-4EAE-A75A-C8BAF81E8CC7}
		{100078FF-F600-4D82-A0F3-E16FCA2A1E7A} = {D71667B1-1EF6-4EAE-A75A-C8BAF81E8CC7}
		{2BDF10A2-3CFC-44F5-A7C1-D768CEB4F9FC} = {D71667B1-1EF6-4EAE-A75A-C8BAF81E8CC7}
		{B77AD9D6-14A5-4D54-92E1-C422853B998B} = {D71667B1-1EF6-4EAE-A75A-C8BAF81E8CC7}
		{83D3B885-1FFC-4B33-9318-F101F6B10AB9} = {066CF212-8720-4468-BBCD-0A883A241EA4}
		{06DC0C68-15C5-4F25-923F-42E21CEA7C2F} = {066CF212-8720-4468-BBCD-0A883A241EA4}
		{2D1C4F26-C8BB-499B-8AB5-190083F61DAB} = {D71667B1-1EF6-4EAE-A75A-C8BAF81E8CC7}
		{424F3250-F3C8-482E-BBB6-669010469BE4} = {47AC0A26-5CED-4AA7-918D-186531AED0FA}
		{410A71C8-674F-4BCE-A098-6032B839C04D} = {066CF212-8720-4468-BBCD-0A883A241EA4}
		{E93D621D-716D-4C5C-ABDF-097C77A23C34} = {066CF212-8720-4468-BBCD-0A883A241EA4}
		{11809A61-062E-4AA2-B2FD-063DE65807F6} = {066CF212-8720-4468-BBCD-0A883A241EA4}
		{6A587706-32AD-4894-9147-7CD255B87764} = {066CF212-8720-4468-BBCD-0A883A241EA4}
		{D71667B1-1EF6-4EAE-A75A-C8BAF81E8CC7} = {066CF212-8720-4468-BBCD-0A883A241EA4}
		{BCA9FF6D-A6E9-4114-8F68-AFA63E88EB4A} = {066CF212-8720-4468-BBCD-0A883A241EA4}
		{A0C0DDFE-EAC4-4421-9BF9-E3F1A5CD9C99} = {BCA9FF6D-A6E9-4114-8F68-AFA63E88EB4A}
		{E1C8D57F-3CB0-4E95-AB55-93F304A654EB} = {066CF212-8720-4468-BBCD-0A883A241EA4}
		{4B1E188B-655F-4EF3-AA85-07874B39FDB9} = {E1C8D57F-3CB0-4E95-AB55-93F304A654EB}
		{4C6C905B-94CC-4645-B2BD-1899261BA609} = {E1C8D57F-3CB0-4E95-AB55-93F304A654EB}
		{4009F8FA-BD85-4D48-964D-01233EB43113} = {E1C8D57F-3CB0-4E95-AB55-93F304A654EB}
		{BBD02CAF-1E15-40C5-A5FC-F80752868F9F} = {E1C8D57F-3CB0-4E95-AB55-93F304A654EB}
		{4E26A658-C709-4975-93CC-6D3E6CC3CB3D} = {E1C8D57F-3CB0-4E95-AB55-93F304A654EB}
		{1D485E21-7CF3-4A87-8A8C-233BFA311664} = {E1C8D57F-3CB0-4E95-AB55-93F304A654EB}
		{A984876F-E4EF-47EB-8B5C-04BE7A891E54} = {066CF212-8720-4468-BBCD-0A883A241EA4}
	EndGlobalSection
EndGlobal
